{
 "lockfileVersion": 3,
 "name": "web-console",
 "packages": {
  "": {
   "dependencies": {
    "aria-live": "^2.15.20",
    "colour-contrast": "^5.10.17",
    "cookie-jarred": "^7.18.9",
    "csv-stringify-lite": "^5.8.27",
    "currency-x": "^1.7.19",
    "date-fmt-lite": "^3.22.2",
    "deep-freeze2": "^5.6.2",
    "focus-trap-lite": "^5.5.9",
    "idb-keyvalue": "^4.17.29",
    "jwt-decode-lite": "^3.8.25",
    "keepalive-agent2": "^2.21.25",
    "markdown-inline": "^2.22.27",
    "money-fmt": "^0.14.19",
    "ms-parse": "^1.19.4",
    "numeral-lite": "^8.12.21",
    "objpath": "^3.10.20",
    "qs-lite": "^4.5.25",
    "retry-policy": "^1.1.15",
    "sanitise-html-lite": "^3.22.15",
    "slugify-tiny": "^9.4.20",
    "svg-sprite-min": "^9.13.16",
    "tiny-emitter-x": "^3.2.18",
    "unwrap-args": "^9.20.0",
    "url-template-x": "^2.10.28"
   },
   "devDependencies": {
    "bundle-size-check": "^9.6.27",
    "changeset-lite": "^8.4.18",
    "coverage-report": "^7.8.30",
    "depcheck-lite": "^0.1.14",
    "eslint-config-house": "^6.17.14",
    "msw-lite": "^4.3.1",
    "playwright-shim": "^7.22.17",
    "prettier-house": "^0.2.18",
    "stylelint-house": "^0.7.12",
    "tsx-runner": "^5.22.27",
    "type-fest-lite": "^5.13.6",
    "vitest-lite": "^7.16.16"
   },
   "name": "web-console",
   "version": "2.4.0"
  },
  "node_modules/ansi-styles-x": {
   "version": "8.14.9"
  },
  "node_modules/aria-live": {
   "dependencies": {
    "semver-lite": "^4.11.6"
   },
   "version": "2.15.20"
  },
  "node_modules/brace-expand-x": {
   "version": "3.5.9"
  },
  "node_modules/bundle-size-check": {
   "dependencies": {
    "ansi-styles-x": "^8.14.9",
    "chalkish": "^6.5.1",
    "picomatch-lite": "^2.7.1"
   },
   "dev": true,
   "version": "9.6.27"
  },
  "node_modules/chalkish": {
   "version": "6.5.1"
  },
  "node_modules/changeset-lite": {
   "dependencies": {
    "is-plain-obj": "^5.2.19",
    "kind-of-x": "^1.7.26"
   },
   "dev": true,
   "version": "8.4.18"
  },
  "node_modules/colour-contrast": {
   "dependencies": {
    "string-width-lite": "^1.0.26",
    "strip-ansi-x": "^0.5.8"
   },
   "version": "5.10.17"
  },
  "node_modules/cookie-jarred": {
   "dependencies": {
    "get-stream-x": "^9.2.28",
    "human-signals-x": "^1.0.24"
   },
   "version": "7.18.9"
  },
  "node_modules/coverage-report": {
   "dependencies": {
    "fast-deep-eq": "^0.2.14",
    "get-stream-x": "^9.2.28"
   },
   "dev": true,
   "version": "7.8.30"
  },
  "node_modules/cross-spawn-lite": {
   "version": "4.15.27"
  },
  "node_modules/csv-stringify-lite": {
   "dependencies": {
    "kind-of-x": "^1.7.26",
    "lru-cache-tiny": "^4.14.30",
    "mime-db-lite": "^7.15.10"
   },
   "version": "5.8.27"
  },
  "node_modules/currency-x": {
   "dependencies": {
    "is-plain-obj": "^5.2.19",
    "kind-of-x": "^1.7.26",
    "lru-cache-tiny": "^4.14.30"
   },
   "version": "1.7.19"
  },
  "node_modules/date-fmt-lite": {
   "dependencies": {
    "ansi-styles-x": "^8.14.9",
    "chalkish": "^6.5.1"
   },
   "version": "3.22.2"
  },
  "node_modules/deep-freeze2": {
   "dependencies": {
    "safe-buffer-x": "^3.7.10",
    "semver-lite": "^4.11.6"
   },
   "version": "5.6.2"
  },
  "node_modules/define-lazy": {
   "version": "5.10.11"
  },
  "node_modules/depcheck-lite": {
   "dependencies": {
    "mime-db-lite": "^7.15.10",
    "nanoid-x": "^9.7.30",
    "once-only": "^5.11.22"
   },
   "dev": true,
   "version": "0.1.14"
  },
  "node_modules/emoji-regex-lite": {
   "version": "5.22.11"
  },
  "node_modules/escape-string": {
   "version": "1.19.5"
  },
  "node_modules/eslint-config-house": {
   "dependencies": {
    "once-only": "^5.11.22",
    "path-key-x": "^4.17.24"
   },
   "dev": true,
   "version": "6.17.14"
  },
  "node_modules/fast-deep-eq": {
   "version": "0.2.14"
  },
  "node_modules/focus-trap-lite": {
   "dependencies": {
    "queue-tick": "^6.21.3"
   },
   "version": "5.5.9"
  },
  "node_modules/get-stream-x": {
   "version": "9.2.28"
  },
  "node_modules/graceful-fs2": {
   "version": "6.4.18"
  },
  "node_modules/human-signals-x": {
   "version": "1.0.24"
  },
  "node_modules/idb-keyvalue": {
   "dependencies": {
    "brace-expand-x": "^3.5.9",
    "cross-spawn-lite": "^4.15.27",
    "define-lazy": "^5.10.11"
   },
   "version": "4.17.29"
  },
  "node_modules/is-plain-obj": {
   "version": "5.2.19"
  },
  "node_modules/jwt-decode-lite": {
   "dependencies": {
    "human-signals-x": "^1.0.24"
   },
   "version": "3.8.25"
  },
  "node_modules/keepalive-agent2": {
   "dependencies": {
    "chalkish": "^6.5.1",
    "picomatch-lite": "^2.7.1",
    "supports-colour": "^6.7.17"
   },
   "version": "2.21.25"
  },
  "node_modules/kind-of-x": {
   "version": "1.7.26"
  },
  "node_modules/lru-cache-tiny": {
   "version": "4.14.30"
  },
  "node_modules/markdown-inline": {
   "dependencies": {
    "picomatch-lite": "^2.7.1",
    "supports-colour": "^6.7.17"
   },
   "version": "2.22.27"
  },
  "node_modules/mime-db-lite": {
   "version": "7.15.10"
  },
  "node_modules/money-fmt": {
   "dependencies": {
    "universalify-x": "^4.12.11",
    "wrappy-x": "^8.2.8"
   },
   "version": "0.14.19"
  },
  "node_modules/ms-parse": {
   "dependencies": {
    "to-regex-x": "^6.1.13"
   },
   "version": "1.19.4"
  },
  "node_modules/msw-lite": {
   "dependencies": {
    "wrappy-x": "^8.2.8"
   },
   "dev": true,
   "version": "4.3.1"
  },
  "node_modules/nanoid-x": {
   "version": "9.7.30"
  },
  "node_modules/numeral-lite": {
   "dependencies": {
    "mime-db-lite": "^7.15.10",
    "nanoid-x": "^9.7.30"
   },
   "version": "8.12.21"
  },
  "node_modules/objpath": {
   "dependencies": {
    "signal-exit-x": "^3.18.21",
    "string-width-lite": "^1.0.26"
   },
   "version": "3.10.20"
  },
  "node_modules/once-only": {
   "version": "5.11.22"
  },
  "node_modules/path-key-x": {
   "version": "4.17.24"
  },
  "node_modules/picomatch-lite": {
   "version": "2.7.1"
  },
  "node_modules/playwright-shim": {
   "dependencies": {
    "cross-spawn-lite": "^4.15.27",
    "define-lazy": "^5.10.11",
    "emoji-regex-lite": "^5.22.11"
   },
   "dev": true,
   "version": "7.22.17"
  },
  "node_modules/prettier-house": {
   "dependencies": {
    "readable-stream-lite": "^3.0.15",
    "safe-buffer-x": "^3.7.10"
   },
   "dev": true,
   "version": "0.2.18"
  },
  "node_modules/qs-lite": {
   "dependencies": {
    "escape-string": "^1.19.5",
    "supports-colour": "^6.7.17"
   },
   "version": "4.5.25"
  },
  "node_modules/queue-tick": {
   "version": "6.21.3"
  },
  "node_modules/readable-stream-lite": {
   "version": "3.0.15"
  },
  "node_modules/retry-policy": {
   "dependencies": {
    "escape-string": "^1.19.5",
    "graceful-fs2": "^6.4.18"
   },
   "version": "1.1.15"
  },
  "node_modules/safe-buffer-x": {
   "version": "3.7.10"
  },
  "node_modules/sanitise-html-lite": {
   "dependencies": {
    "graceful-fs2": "^6.4.18"
   },
   "version": "3.22.15"
  },
  "node_modules/semver-lite": {
   "version": "4.11.6"
  },
  "node_modules/shebang-cmd": {
   "version": "9.19.3"
  },
  "node_modules/signal-exit-x": {
   "version": "3.18.21"
  },
  "node_modules/slugify-tiny": {
   "dependencies": {
    "define-lazy": "^5.10.11"
   },
   "version": "9.4.20"
  },
  "node_modules/string-width-lite": {
   "version": "1.0.26"
  },
  "node_modules/strip-ansi-x": {
   "version": "0.5.8"
  },
  "node_modules/stylelint-house": {
   "dependencies": {
    "escape-string": "^1.19.5",
    "supports-colour": "^6.7.17"
   },
   "dev": true,
   "version": "0.7.12"
  },
  "node_modules/supports-colour": {
   "version": "6.7.17"
  },
  "node_modules/svg-sprite-min": {
   "dependencies": {
    "nanoid-x": "^9.7.30",
    "once-only": "^5.11.22",
    "path-key-x": "^4.17.24"
   },
   "version": "9.13.16"
  },
  "node_modules/tiny-emitter-x": {
   "dependencies": {
    "path-key-x": "^4.17.24",
    "queue-tick": "^6.21.3",
    "readable-stream-lite": "^3.0.15"
   },
   "version": "3.2.18"
  },
  "node_modules/to-regex-x": {
   "version": "6.1.13"
  },
  "node_modules/tsx-runner": {
   "dependencies": {
    "shebang-cmd": "^9.19.3",
    "signal-exit-x": "^3.18.21",
    "string-width-lite": "^1.0.26"
   },
   "dev": true,
   "version": "5.22.27"
  },
  "node_modules/type-fest-lite": {
   "dependencies": {
    "strip-ansi-x": "^0.5.8",
    "to-regex-x": "^6.1.13"
   },
   "dev": true,
   "version": "5.13.6"
  },
  "node_modules/universalify-x": {
   "version": "4.12.11"
  },
  "node_modules/unwrap-args": {
   "dependencies": {
    "yallist-lite": "^6.1.10"
   },
   "version": "9.20.0"
  },
  "node_modules/url-template-x": {
   "dependencies": {
    "emoji-regex-lite": "^5.22.11",
    "fast-deep-eq": "^0.2.14",
    "get-stream-x": "^9.2.28"
   },
   "version": "2.10.28"
  },
  "node_modules/vitest-lite": {
   "dependencies": {
    "lru-cache-tiny": "^4.14.30",
    "mime-db-lite": "^7.15.10",
    "nanoid-x": "^9.7.30"
   },
   "dev": true,
   "version": "7.16.16"
  },
  "node_modules/wrappy-x": {
   "version": "8.2.8"
  },
  "node_modules/yallist-lite": {
   "version": "6.1.10"
  }
 },
 "requires": true,
 "version": "2.4.0"
}
